
Microsoft Visual Studio Solution File, Format Version 12.00
# Visual Studio Version 17
VisualStudioVersion = 17.4.33213.308
MinimumVisualStudioVersion = 10.0.40219.1
Project("{FAE04EC0-301F-11D3-BF4B-00C04F79EFBC}") = "UserGenderValidation", "UserGenderValidation\UserGenderValidation.csproj", "{5F87417F-90F8-4214-B996-F9371A7886FF}"
EndProject
Project("{FAE04EC0-301F-11D3-BF4B-00C04F79EFBC}") = "useragevalidation", "useragevalidation\useragevalidation.csproj", "{CCD9EFCA-727D-4602-A11A-448863B04758}"
EndProject
Project("{FAE04EC0-301F-11D3-BF4B-00C04F79EFBC}") = "useragevalidation1", "useragevalidation1\useragevalidation1.csproj", "{A8782579-F40A-4995-8B83-C06D0C2B7EFC}"
EndProject
Global
	GlobalSection(SolutionConfigurationPlatforms) = preSolution
		Debug|Any CPU = Debug|Any CPU
		Release|Any CPU = Release|Any CPU
	EndGlobalSection
	GlobalSection(ProjectConfigurationPlatforms) = postSolution
		{5F87417F-90F8-4214-B996-F9371A7886FF}.Debug|Any CPU.ActiveCfg = Debug|Any CPU
		{5F87417F-90F8-4214-B996-F9371A7886FF}.Debug|Any CPU.Build.0 = Debug|Any CPU
		{5F87417F-90F8-4214-B996-F9371A7886FF}.Release|Any CPU.ActiveCfg = Release|Any CPU
		{5F87417F-90F8-4214-B996-F9371A7886FF}.Release|Any CPU.Build.0 = Release|Any CPU
		{CCD9EFCA-727D-4602-A11A-448863B04758}.Debug|Any CPU.ActiveCfg = Debug|Any CPU
		{CCD9EFCA-727D-4602-A11A-448863B04758}.Debug|Any CPU.Build.0 = Debug|Any CPU
		{CCD9EFCA-727D-4602-A11A-448863B04758}.Release|Any CPU.ActiveCfg = Release|Any CPU
		{CCD9EFCA-727D-4602-A11A-448863B04758}.Release|Any CPU.Build.0 = Release|Any CPU
		{A8782579-F40A-4995-8B83-C06D0C2B7EFC}.Debug|Any CPU.ActiveCfg = Debug|Any CPU
		{A8782579-F40A-4995-8B83-C06D0C2B7EFC}.Debug|Any CPU.Build.0 = Debug|Any CPU
		{A8782579-F40A-4995-8B83-C06D0C2B7EFC}.Release|Any CPU.ActiveCfg = Release|Any CPU
		{A8782579-F40A-4995-8B83-C06D0C2B7EFC}.Release|Any CPU.Build.0 = Release|Any CPU
	EndGlobalSection
	GlobalSection(SolutionProperties) = preSolution
		HideSolutionNode = FALSE
	EndGlobalSection
	GlobalSection(ExtensibilityGlobals) = postSolution
		SolutionGuid = {B4D94688-F5EA-4572-8E40-2002D9482FB4}
	EndGlobalSection
EndGlobal
